// !$*UTF8*$!
{
	archiveVersion = 1;
	classes = {
	};
	objectVersion = 56;
	objects = {

/* Begin PBXBuildFile section */
		B14545E32C02927C00AA3A6E /* AppDelegate.m in Sources */ = {isa = PBXBuildFile; fileRef = B14545E22C02927C00AA3A6E /* AppDelegate.m */; };
		B14545E62C02927C00AA3A6E /* SceneDelegate.m in Sources */ = {isa = PBXBuildFile; fileRef = B14545E52C02927C00AA3A6E /* SceneDelegate.m */; };
		B14545E92C02927C00AA3A6E /* CardGameViewController.m in Sources */ = {isa = PBXBuildFile; fileRef = B14545E82C02927C00AA3A6E /* CardGameViewController.m */; };
		B14545EC2C02927C00AA3A6E /* Base in Resources */ = {isa = PBXBuildFile; fileRef = B14545EB2C02927C00AA3A6E /* Base */; };
		B14545EE2C02927D00AA3A6E /* Assets.xcassets in Resources */ = {isa = PBXBuildFile; fileRef = B14545ED2C02927D00AA3A6E /* Assets.xcassets */; };
		B14545F12C02927D00AA3A6E /* Base in Resources */ = {isa = PBXBuildFile; fileRef = B14545F02C02927D00AA3A6E /* Base */; };
		B14545F42C02927D00AA3A6E /* main.m in Sources */ = {isa = PBXBuildFile; fileRef = B14545F32C02927D00AA3A6E /* main.m */; };
		B14545FD2C029B3D00AA3A6E /* Card.m in Sources */ = {isa = PBXBuildFile; fileRef = B14545FC2C029B3D00AA3A6E /* Card.m */; };
		B14546012C029C6000AA3A6E /* Deck.m in Sources */ = {isa = PBXBuildFile; fileRef = B14546002C029C6000AA3A6E /* Deck.m */; };
		B14546042C029C7300AA3A6E /* PlayingCard.m in Sources */ = {isa = PBXBuildFile; fileRef = B14546032C029C7300AA3A6E /* PlayingCard.m */; };
		B14546072C029C8300AA3A6E /* PlayingCardDeck.m in Sources */ = {isa = PBXBuildFile; fileRef = B14546062C029C8300AA3A6E /* PlayingCardDeck.m */; };
/* End PBXBuildFile section */

/* Begin PBXFileReference section */
		B14545DE2C02927C00AA3A6E /* Matchismo.app */ = {isa = PBXFileReference; explicitFileType = wrapper.application; includeInIndex = 0; path = Matchismo.app; sourceTree = BUILT_PRODUCTS_DIR; };
		B14545E12C02927C00AA3A6E /* AppDelegate.h */ = {isa = PBXFileReference; lastKnownFileType = sourcecode.c.h; path = AppDelegate.h; sourceTree = "<group>"; };
		B14545E22C02927C00AA3A6E /* AppDelegate.m */ = {isa = PBXFileReference; lastKnownFileType = sourcecode.c.objc; path = AppDelegate.m; sourceTree = "<group>"; };
		B14545E42C02927C00AA3A6E /* SceneDelegate.h */ = {isa = PBXFileReference; lastKnownFileType = sourcecode.c.h; path = SceneDelegate.h; sourceTree = "<group>"; };
		B14545E52C02927C00AA3A6E /* SceneDelegate.m */ = {isa = PBXFileReference; lastKnownFileType = sourcecode.c.objc; path = SceneDelegate.m; sourceTree = "<group>"; };
		B14545E72C02927C00AA3A6E /* CardGameViewController.h */ = {isa = PBXFileReference; lastKnownFileType = sourcecode.c.h; path = CardGameViewController.h; sourceTree = "<group>"; };
		B14545E82C02927C00AA3A6E /* CardGameViewController.m */ = {isa = PBXFileReference; lastKnownFileType = sourcecode.c.objc; path = CardGameViewController.m; sourceTree = "<group>"; };
		B14545EB2C02927C00AA3A6E /* Base */ = {isa = PBXFileReference; lastKnownFileType = file.storyboard; name = Base; path = Base.lproj/Main.storyboard; sourceTree = "<group>"; };
		B14545ED2C02927D00AA3A6E /* Assets.xcassets */ = {isa = PBXFileReference; lastKnownFileType = folder.assetcatalog; path = Assets.xcassets; sourceTree = "<group>"; };
		B14545F02C02927D00AA3A6E /* Base */ = {isa = PBXFileReference; lastKnownFileType = file.storyboard; name = Base; path = Base.lproj/LaunchScreen.storyboard; sourceTree = "<group>"; };
		B14545F22C02927D00AA3A6E /* Info.plist */ = {isa = PBXFileReference; lastKnownFileType = text.plist.xml; path = Info.plist; sourceTree = "<group>"; };
		B14545F32C02927D00AA3A6E /* main.m */ = {isa = PBXFileReference; lastKnownFileType = sourcecode.c.objc; path = main.m; sourceTree = "<group>"; };
		B14545FB2C029B3D00AA3A6E /* Card.h */ = {isa = PBXFileReference; lastKnownFileType = sourcecode.c.h; path = Card.h; sourceTree = "<group>"; };
		B14545FC2C029B3D00AA3A6E /* Card.m */ = {isa = PBXFileReference; lastKnownFileType = sourcecode.c.objc; path = Card.m; sourceTree = "<group>"; };
		B14545FF2C029C6000AA3A6E /* Deck.h */ = {isa = PBXFileReference; lastKnownFileType = sourcecode.c.h; path = Deck.h; sourceTree = "<group>"; };
		B14546002C029C6000AA3A6E /* Deck.m */ = {isa = PBXFileReference; lastKnownFileType = sourcecode.c.objc; path = Deck.m; sourceTree = "<group>"; };
		B14546022C029C7300AA3A6E /* PlayingCard.h */ = {isa = PBXFileReference; lastKnownFileType = sourcecode.c.h; path = PlayingCard.h; sourceTree = "<group>"; };
		B14546032C029C7300AA3A6E /* PlayingCard.m */ = {isa = PBXFileReference; lastKnownFileType = sourcecode.c.objc; path = PlayingCard.m; sourceTree = "<group>"; };
		B14546052C029C8300AA3A6E /* PlayingCardDeck.h */ = {isa = PBXFileReference; lastKnownFileType = sourcecode.c.h; path = PlayingCardDeck.h; sourceTree = "<group>"; };
		B14546062C029C8300AA3A6E /* PlayingCardDeck.m */ = {isa = PBXFileReference; lastKnownFileType = sourcecode.c.objc; path = PlayingCardDeck.m; sourceTree = "<group>"; };
/* End PBXFileReference section */

/* Begin PBXFrameworksBuildPhase section */
		B14545DB2C02927C00AA3A6E /* Frameworks */ = {
			isa = PBXFrameworksBuildPhase;
			buildActionMask = 2147483647;
			files = (
			);
			runOnlyForDeploymentPostprocessing = 0;
		};
/* End PBXFrameworksBuildPhase section */

/* Begin PBXGroup section */
		B14545D52C02927C00AA3A6E = {
			isa = PBXGroup;
			children = (
				B14545E02C02927C00AA3A6E /* Matchismo */,
				B14545DF2C02927C00AA3A6E /* Products */,
			);
			sourceTree = "<group>";
		};
		B14545DF2C02927C00AA3A6E /* Products */ = {
			isa = PBXGroup;
			children = (
				B14545DE2C02927C00AA3A6E /* Matchismo.app */,
			);
			name = Products;
			sourceTree = "<group>";
		};
		B14545E02C02927C00AA3A6E /* Matchismo */ = {
			isa = PBXGroup;
			children = (
				B14545FE2C029B6900AA3A6E /* Model */,
				B14545E72C02927C00AA3A6E /* CardGameViewController.h */,
				B14545E82C02927C00AA3A6E /* CardGameViewController.m */,
				B14545EA2C02927C00AA3A6E /* Main.storyboard */,
				B14545F22C02927D00AA3A6E /* Info.plist */,
				B14545FA2C02930E00AA3A6E /* SupportingFiles */,
			);
			path = Matchismo;
			sourceTree = "<group>";
		};
		B14545FA2C02930E00AA3A6E /* SupportingFiles */ = {
			isa = PBXGroup;
			children = (
				B14545ED2C02927D00AA3A6E /* Assets.xcassets */,
				B14545EF2C02927D00AA3A6E /* LaunchScreen.storyboard */,
				B14545F32C02927D00AA3A6E /* main.m */,
				B14545E12C02927C00AA3A6E /* AppDelegate.h */,
				B14545E22C02927C00AA3A6E /* AppDelegate.m */,
				B14545E42C02927C00AA3A6E /* SceneDelegate.h */,
				B14545E52C02927C00AA3A6E /* SceneDelegate.m */,
			);
			path = SupportingFiles;
			sourceTree = "<group>";
		};
		B14545FE2C029B6900AA3A6E /* Model */ = {
			isa = PBXGroup;
			children = (
				B14545FB2C029B3D00AA3A6E /* Card.h */,
				B14545FC2C029B3D00AA3A6E /* Card.m */,
				B14545FF2C029C6000AA3A6E /* Deck.h */,
				B14546002C029C6000AA3A6E /* Deck.m */,
				B14546022C029C7300AA3A6E /* PlayingCard.h */,
				B14546032C029C7300AA3A6E /* PlayingCard.m */,
				B14546052C029C8300AA3A6E /* PlayingCardDeck.h */,
				B14546062C029C8300AA3A6E /* PlayingCardDeck.m */,
			);
			path = Model;
			sourceTree = "<group>";
		};
/* End PBXGroup section */

/* Begin PBXNativeTarget section */
		B14545DD2C02927C00AA3A6E /* Matchismo */ = {
			isa = PBXNativeTarget;
			buildConfigurationList = B14545F72C02927D00AA3A6E /* Build configuration list for PBXNativeTarget "Matchismo" */;
			buildPhases = (
				B14545DA2C02927C00AA3A6E /* Sources */,
				B14545DB2C02927C00AA3A6E /* Frameworks */,
				B14545DC2C02927C00AA3A6E /* Resources */,
			);
			buildRules = (
			);
			dependencies = (
			);
			name = Matchismo;
			productName = Matchismo;
			productReference = B14545DE2C02927C00AA3A6E /* Matchismo.app */;
			productType = "com.apple.product-type.application";
		};
/* End PBXNativeTarget section */

/* Begin PBXProject section */
		B14545D62C02927C00AA3A6E /* Project object */ = {
			isa = PBXProject;
			attributes = {
				BuildIndependentTargetsInParallel = 1;
				LastUpgradeCheck = 1540;
				TargetAttributes = {
					B14545DD2C02927C00AA3A6E = {
						CreatedOnToolsVersion = 15.4;
					};
				};
			};
			buildConfigurationList = B14545D92C02927C00AA3A6E /* Build configuration list for PBXProject "Matchismo" */;
			compatibilityVersion = "Xcode 14.0";
			developmentRegion = en;
			hasScannedForEncodings = 0;
			knownRegions = (
				en,
				Base,
			);
			mainGroup = B14545D52C02927C00AA3A6E;
			productRefGroup = B14545DF2C02927C00AA3A6E /* Products */;
			projectDirPath = "";
			projectRoot = "";
			targets = (
				B14545DD2C02927C00AA3A6E /* Matchismo */,
			);
		};
/* End PBXProject section */

/* Begin PBXResourcesBuildPhase section */
		B14545DC2C02927C00AA3A6E /* Resources */ = {
			isa = PBXResourcesBuildPhase;
			buildActionMask = 2147483647;
			files = (
				B14545EE2C02927D00AA3A6E /* Assets.xcassets in Resources */,
				B14545F12C02927D00AA3A6E /* Base in Resources */,
				B14545EC2C02927C00AA3A6E /* Base in Resources */,
			);
			runOnlyForDeploymentPostprocessing = 0;
		};
/* End PBXResourcesBuildPhase section */

/* Begin PBXSourcesBuildPhase section */
		B14545DA2C02927C00AA3A6E /* Sources */ = {
			isa = PBXSourcesBuildPhase;
			buildActionMask = 2147483647;
			files = (
				B14545FD2C029B3D00AA3A6E /* Card.m in Sources */,
				B14546072C029C8300AA3A6E /* PlayingCardDeck.m in Sources */,
				B14545E92C02927C00AA3A6E /* CardGameViewController.m in Sources */,
				B14546042C029C7300AA3A6E /* PlayingCard.m in Sources */,
				B14545E32C02927C00AA3A6E /* AppDelegate.m in Sources */,
				B14545F42C02927D00AA3A6E /* main.m in Sources */,
				B14546012C029C6000AA3A6E /* Deck.m in Sources */,
				B14545E62C02927C00AA3A6E /* SceneDelegate.m in Sources */,
			);
			runOnlyForDeploymentPostprocessing = 0;
		};
/* End PBXSourcesBuildPhase section */

/* Begin PBXVariantGroup section */
		B14545EA2C02927C00AA3A6E /* Main.storyboard */ = {
			isa = PBXVariantGroup;
			children = (
				B14545EB2C02927C00AA3A6E /* Base */,
			);
			name = Main.storyboard;
			sourceTree = "<group>";
		};
		B14545EF2C02927D00AA3A6E /* LaunchScreen.storyboard */ = {
			isa = PBXVariantGroup;
			children = (
				B14545F02C02927D00AA3A6E /* Base */,
			);
			name = LaunchScreen.storyboard;
			sourceTree = "<group>";
		};
/* End PBXVariantGroup section */

/* Begin XCBuildConfiguration section */
		B14545F52C02927D00AA3A6E /* Debug */ = {
			isa = XCBuildConfiguration;
			buildSettings = {
				ALWAYS_SEARCH_USER_PATHS = NO;
				ASSETCATALOG_COMPILER_GENERATE_SWIFT_ASSET_SYMBOL_EXTENSIONS = YES;
				CLANG_ANALYZER_NONNULL = YES;
				CLANG_ANALYZER_NUMBER_OBJECT_CONVERSION = YES_AGGRESSIVE;
				CLANG_CXX_LANGUAGE_STANDARD = "gnu++20";
				CLANG_ENABLE_MODULES = YES;
				CLANG_ENABLE_OBJC_ARC = YES;
				CLANG_ENABLE_OBJC_WEAK = YES;
				CLANG_WARN_BLOCK_CAPTURE_AUTORELEASING = YES;
				CLANG_WARN_BOOL_CONVERSION = YES;
				CLANG_WARN_COMMA = YES;
				CLANG_WARN_CONSTANT_CONVERSION = YES;
				CLANG_WARN_DEPRECATED_OBJC_IMPLEMENTATIONS = YES;
				CLANG_WARN_DIRECT_OBJC_ISA_USAGE = YES_ERROR;
				CLANG_WARN_DOCUMENTATION_COMMENTS = YES;
				CLANG_WARN_EMPTY_BODY = YES;
				CLANG_WARN_ENUM_CONVERSION = YES;
				CLANG_WARN_INFINITE_RECURSION = YES;
				CLANG_WARN_INT_CONVERSION = YES;
				CLANG_WARN_NON_LITERAL_NULL_CONVERSION = YES;
				CLANG_WARN_OBJC_IMPLICIT_RETAIN_SELF = YES;
				CLANG_WARN_OBJC_LITERAL_CONVERSION = YES;
				CLANG_WARN_OBJC_ROOT_CLASS = YES_ERROR;
				CLANG_WARN_QUOTED_INCLUDE_IN_FRAMEWORK_HEADER = YES;
				CLANG_WARN_RANGE_LOOP_ANALYSIS = YES;
				CLANG_WARN_STRICT_PROTOTYPES = YES;
				CLANG_WARN_SUSPICIOUS_MOVE = YES;
				CLANG_WARN_UNGUARDED_AVAILABILITY = YES_AGGRESSIVE;
				CLANG_WARN_UNREACHABLE_CODE = YES;
				CLANG_WARN__DUPLICATE_METHOD_MATCH = YES;
				COPY_PHASE_STRIP = NO;
				DEBUG_INFORMATION_FORMAT = dwarf;
				ENABLE_STRICT_OBJC_MSGSEND = YES;
				ENABLE_TESTABILITY = YES;
				ENABLE_USER_SCRIPT_SANDBOXING = YES;
				GCC_C_LANGUAGE_STANDARD = gnu17;
				GCC_DYNAMIC_NO_PIC = NO;
				GCC_NO_COMMON_BLOCKS = YES;
				GCC_OPTIMIZATION_LEVEL = 0;
				GCC_PREPROCESSOR_DEFINITIONS = (
					"DEBUG=1",
					"$(inherited)",
				);
				GCC_WARN_64_TO_32_BIT_CONVERSION = YES;
				GCC_WARN_ABOUT_RETURN_TYPE = YES_ERROR;
				GCC_WARN_UNDECLARED_SELECTOR = YES;
				GCC_WARN_UNINITIALIZED_AUTOS = YES_AGGRESSIVE;
				GCC_WARN_UNUSED_FUNCTION = YES;
				GCC_WARN_UNUSED_VARIABLE = YES;
				IPHONEOS_DEPLOYMENT_TARGET = 17.5;
				LOCALIZATION_PREFERS_STRING_CATALOGS = YES;
				MTL_ENABLE_DEBUG_INFO = INCLUDE_SOURCE;
				MTL_FAST_MATH = YES;
				ONLY_ACTIVE_ARCH = YES;
				SDKROOT = iphoneos;
			};
			name = Debug;
		};
		B14545F62C02927D00AA3A6E /* Release */ = {
			isa = XCBuildConfiguration;
			buildSettings = {
				ALWAYS_SEARCH_USER_PATHS = NO;
				ASSETCATALOG_COMPILER_GENERATE_SWIFT_ASSET_SYMBOL_EXTENSIONS = YES;
				CLANG_ANALYZER_NONNULL = YES;
				CLANG_ANALYZER_NUMBER_OBJECT_CONVERSION = YES_AGGRESSIVE;
				CLANG_CXX_LANGUAGE_STANDARD = "gnu++20";
				CLANG_ENABLE_MODULES = YES;
				CLANG_ENABLE_OBJC_ARC = YES;
				CLANG_ENABLE_OBJC_WEAK = YES;
				CLANG_WARN_BLOCK_CAPTURE_AUTORELEASING = YES;
				CLANG_WARN_BOOL_CONVERSION = YES;
				CLANG_WARN_COMMA = YES;
				CLANG_WARN_CONSTANT_CONVERSION = YES;
				CLANG_WARN_DEPRECATED_OBJC_IMPLEMENTATIONS = YES;
				CLANG_WARN_DIRECT_OBJC_ISA_USAGE = YES_ERROR;
				CLANG_WARN_DOCUMENTATION_COMMENTS = YES;
				CLANG_WARN_EMPTY_BODY = YES;
				CLANG_WARN_ENUM_CONVERSION = YES;
				CLANG_WARN_INFINITE_RECURSION = YES;
				CLANG_WARN_INT_CONVERSION = YES;
				CLANG_WARN_NON_LITERAL_NULL_CONVERSION = YES;
				CLANG_WARN_OBJC_IMPLICIT_RETAIN_SELF = YES;
				CLANG_WARN_OBJC_LITERAL_CONVERSION = YES;
				CLANG_WARN_OBJC_ROOT_CLASS = YES_ERROR;
				CLANG_WARN_QUOTED_INCLUDE_IN_FRAMEWORK_HEADER = YES;
				CLANG_WARN_RANGE_LOOP_ANALYSIS = YES;
				CLANG_WARN_STRICT_PROTOTYPES = YES;
				CLANG_WARN_SUSPICIOUS_MOVE = YES;
				CLANG_WARN_UNGUARDED_AVAILABILITY = YES_AGGRESSIVE;
				CLANG_WARN_UNREACHABLE_CODE = YES;
				CLANG_WARN__DUPLICATE_METHOD_MATCH = YES;
				COPY_PHASE_STRIP = NO;
				DEBUG_INFORMATION_FORMAT = "dwarf-with-dsym";
				ENABLE_NS_ASSERTIONS = NO;
				ENABLE_STRICT_OBJC_MSGSEND = YES;
				ENABLE_USER_SCRIPT_SANDBOXING = YES;
				GCC_C_LANGUAGE_STANDARD = gnu17;
				GCC_NO_COMMON_BLOCKS = YES;
				GCC_WARN_64_TO_32_BIT_CONVERSION = YES;
				GCC_WARN_ABOUT_RETURN_TYPE = YES_ERROR;
				GCC_WARN_UNDECLARED_SELECTOR = YES;
				GCC_WARN_UNINITIALIZED_AUTOS = YES_AGGRESSIVE;
				GCC_WARN_UNUSED_FUNCTION = YES;
				GCC_WARN_UNUSED_VARIABLE = YES;
				IPHONEOS_DEPLOYMENT_TARGET = 17.5;
				LOCALIZATION_PREFERS_STRING_CATALOGS = YES;
				MTL_ENABLE_DEBUG_INFO = NO;
				MTL_FAST_MATH = YES;
				SDKROOT = iphoneos;
				VALIDATE_PRODUCT = YES;
			};
			name = Release;
		};
		B14545F82C02927D00AA3A6E /* Debug */ = {
			isa = XCBuildConfiguration;
			buildSettings = {
				ASSETCATALOG_COMPILER_APPICON_NAME = AppIcon;
				ASSETCATALOG_COMPILER_GLOBAL_ACCENT_COLOR_NAME = AccentColor;
				CODE_SIGN_STYLE = Automatic;
				CURRENT_PROJECT_VERSION = 1;
				DEVELOPMENT_TEAM = NFA8F38A32;
				GENERATE_INFOPLIST_FILE = YES;
				INFOPLIST_FILE = Matchismo/Info.plist;
				INFOPLIST_KEY_UIApplicationSupportsIndirectInputEvents = YES;
				INFOPLIST_KEY_UILaunchStoryboardName = LaunchScreen;
				INFOPLIST_KEY_UIMainStoryboardFile = Main;
				INFOPLIST_KEY_UISupportedInterfaceOrientations_iPad = "UIInterfaceOrientationPortrait UIInterfaceOrientationPortraitUpsideDown UIInterfaceOrientationLandscapeLeft UIInterfaceOrientationLandscapeRight";
				INFOPLIST_KEY_UISupportedInterfaceOrientations_iPhone = "UIInterfaceOrientationPortrait UIInterfaceOrientationLandscapeLeft UIInterfaceOrientationLandscapeRight";
				LD_RUNPATH_SEARCH_PATHS = (
					"$(inherited)",
					"@executable_path/Frameworks",
				);
				MARKETING_VERSION = 1.0;
				PRODUCT_BUNDLE_IDENTIFIER = com.shiaulis.Matchismo;
				PRODUCT_NAME = "$(TARGET_NAME)";
				SWIFT_EMIT_LOC_STRINGS = YES;
				TARGETED_DEVICE_FAMILY = "1,2";
			};
			name = Debug;
		};
		B14545F92C02927D00AA3A6E /* Release */ = {
			isa = XCBuildConfiguration;
			buildSettings = {
				ASSETCATALOG_COMPILER_APPICON_NAME = AppIcon;
				ASSETCATALOG_COMPILER_GLOBAL_ACCENT_COLOR_NAME = AccentColor;
				CODE_SIGN_STYLE = Automatic;
				CURRENT_PROJECT_VERSION = 1;
				DEVELOPMENT_TEAM = NFA8F38A32;
				GENERATE_INFOPLIST_FILE = YES;
				INFOPLIST_FILE = Matchismo/Info.plist;
				INFOPLIST_KEY_UIApplicationSupportsIndirectInputEvents = YES;
				INFOPLIST_KEY_UILaunchStoryboardName = LaunchScreen;
				INFOPLIST_KEY_UIMainStoryboardFile = Main;
				INFOPLIST_KEY_UISupportedInterfaceOrientations_iPad = "UIInterfaceOrientationPortrait UIInterfaceOrientationPortraitUpsideDown UIInterfaceOrientationLandscapeLeft UIInterfaceOrientationLandscapeRight";
				INFOPLIST_KEY_UISupportedInterfaceOrientations_iPhone = "UIInterfaceOrientationPortrait UIInterfaceOrientationLandscapeLeft UIInterfaceOrientationLandscapeRight";
				LD_RUNPATH_SEARCH_PATHS = (
					"$(inherited)",
					"@executable_path/Frameworks",
				);
				MARKETING_VERSION = 1.0;
				PRODUCT_BUNDLE_IDENTIFIER = com.shiaulis.Matchismo;
				PRODUCT_NAME = "$(TARGET_NAME)";
				SWIFT_EMIT_LOC_STRINGS = YES;
				TARGETED_DEVICE_FAMILY = "1,2";
			};
			name = Release;
		};
/* End XCBuildConfiguration section */

/* Begin XCConfigurationList section */
		B14545D92C02927C00AA3A6E /* Build configuration list for PBXProject "Matchismo" */ = {
			isa = XCConfigurationList;
			buildConfigurations = (
				B14545F52C02927D00AA3A6E /* Debug */,
				B14545F62C02927D00AA3A6E /* Release */,
			);
			defaultConfigurationIsVisible = 0;
			defaultConfigurationName = Release;
		};
		B14545F72C02927D00AA3A6E /* Build configuration list for PBXNativeTarget "Matchismo" */ = {
			isa = XCConfigurationList;
			buildConfigurations = (
				B14545F82C02927D00AA3A6E /* Debug */,
				B14545F92C02927D00AA3A6E /* Release */,
			);
			defaultConfigurationIsVisible = 0;
			defaultConfigurationName = Release;
		};
/* End XCConfigurationList section */
	};
	rootObject = B14545D62C02927C00AA3A6E /* Project object */;
}
